
Microsoft Visual Studio Solution File, Format Version 12.00
# Visual Studio Version 17
VisualStudioVersion = 17.10.35027.167
MinimumVisualStudioVersion = 10.0.40219.1
Project("{9A19103F-16F7-4668-BE54-9A1E7A4F7556}") = "WebApp.API", "WebApp\WebApp.API.csproj", "{CEDF69E4-AF1F-4F4D-B655-01FF357D4129}"
EndProject
Project("{9A19103F-16F7-4668-BE54-9A1E7A4F7556}") = "WebApp.Domain", "WebApp.Domain\WebApp.Domain.csproj", "{F955FCE4-DE93-41CE-8D49-123E08619DAC}"
EndProject
Project("{2150E333-8FDC-42A3-9474-1A3956D46DE8}") = "Solution Items", "Solution Items", "{E12001E7-39DF-4D11-8B7F-8523390E24BE}"
	ProjectSection(SolutionItems) = preProject
		.editorconfig = .editorconfig
	EndProjectSection
EndProject
Project("{9A19103F-16F7-4668-BE54-9A1E7A4F7556}") = "WebApp.Infrastructure", "WebApp.Infrastracture\WebApp.Infrastructure.csproj", "{102DA902-DC05-4B2C-87DE-59A2EDF18577}"
EndProject
Project("{E53339B2-1760-4266-BCC7-CA923CBCF16C}") = "docker-compose", "docker-compose.dcproj", "{13D03A58-B9DC-47F4-BC96-A87AEFCC5579}"
EndProject
Global
	GlobalSection(SolutionConfigurationPlatforms) = preSolution
		Debug|Any CPU = Debug|Any CPU
		Release|Any CPU = Release|Any CPU
	EndGlobalSection
	GlobalSection(ProjectConfigurationPlatforms) = postSolution
		{CEDF69E4-AF1F-4F4D-B655-01FF357D4129}.Debug|Any CPU.ActiveCfg = Debug|Any CPU
		{CEDF69E4-AF1F-4F4D-B655-01FF357D4129}.Debug|Any CPU.Build.0 = Debug|Any CPU
		{CEDF69E4-AF1F-4F4D-B655-01FF357D4129}.Release|Any CPU.ActiveCfg = Release|Any CPU
		{CEDF69E4-AF1F-4F4D-B655-01FF357D4129}.Release|Any CPU.Build.0 = Release|Any CPU
		{F955FCE4-DE93-41CE-8D49-123E08619DAC}.Debug|Any CPU.ActiveCfg = Debug|Any CPU
		{F955FCE4-DE93-41CE-8D49-123E08619DAC}.Debug|Any CPU.Build.0 = Debug|Any CPU
		{F955FCE4-DE93-41CE-8D49-123E08619DAC}.Release|Any CPU.ActiveCfg = Release|Any CPU
		{F955FCE4-DE93-41CE-8D49-123E08619DAC}.Release|Any CPU.Build.0 = Release|Any CPU
		{102DA902-DC05-4B2C-87DE-59A2EDF18577}.Debug|Any CPU.ActiveCfg = Debug|Any CPU
		{102DA902-DC05-4B2C-87DE-59A2EDF18577}.Debug|Any CPU.Build.0 = Debug|Any CPU
		{102DA902-DC05-4B2C-87DE-59A2EDF18577}.Release|Any CPU.ActiveCfg = Release|Any CPU
		{102DA902-DC05-4B2C-87DE-59A2EDF18577}.Release|Any CPU.Build.0 = Release|Any CPU
		{13D03A58-B9DC-47F4-BC96-A87AEFCC5579}.Debug|Any CPU.ActiveCfg = Debug|Any CPU
		{13D03A58-B9DC-47F4-BC96-A87AEFCC5579}.Debug|Any CPU.Build.0 = Debug|Any CPU
		{13D03A58-B9DC-47F4-BC96-A87AEFCC5579}.Release|Any CPU.ActiveCfg = Release|Any CPU
		{13D03A58-B9DC-47F4-BC96-A87AEFCC5579}.Release|Any CPU.Build.0 = Release|Any CPU
	EndGlobalSection
	GlobalSection(SolutionProperties) = preSolution
		HideSolutionNode = FALSE
	EndGlobalSection
	GlobalSection(NestedProjects) = preSolution
		{13D03A58-B9DC-47F4-BC96-A87AEFCC5579} = {E12001E7-39DF-4D11-8B7F-8523390E24BE}
	EndGlobalSection
	GlobalSection(ExtensibilityGlobals) = postSolution
		SolutionGuid = {CD75DDA7-3301-4006-AEBE-1C42C550E9BD}
	EndGlobalSection
EndGlobal
